// !$*UTF8*$!
{
	archiveVersion = 1;
	classes = {
	};
	objectVersion = 77;
	objects = {

/* Begin PBXBuildFile section */
		7891476900E261C3AE32ED63 /* HeuristicFrameworkDetectorTests.swift in Sources */ = {isa = PBXBuildFile; fileRef = 304D1979E8CC92F65AF46E1C /* HeuristicFrameworkDetectorTests.swift */; };
		B484A075DCE2220E853313B2 /* SettingsViewModelTests.swift in Sources */ = {isa = PBXBuildFile; fileRef = 1DE879BE50CC1F982C24C5C1 /* SettingsViewModelTests.swift */; };
		C154B39342A6177822DFF902 /* LsofOutputParserTests.swift in Sources */ = {isa = PBXBuildFile; fileRef = 746D3D1A48A828A89BBBA66B /* LsofOutputParserTests.swift */; };
		C893F5F439E35D0D56747D5D /* Cocoa.framework in Frameworks */ = {isa = PBXBuildFile; fileRef = CD267880531D295C78B1D37F /* Cocoa.framework */; };
		D2492D3FA8B02DE307CAD592 /* PortListViewModelTests.swift in Sources */ = {isa = PBXBuildFile; fileRef = EC1371290DC30961733CF933 /* PortListViewModelTests.swift */; };
/* End PBXBuildFile section */

/* Begin PBXContainerItemProxy section */
		AE60C50E5195A0FBC543C478 /* PBXContainerItemProxy */ = {
			isa = PBXContainerItemProxy;
			containerPortal = 1520D880303CA4A000698CD6 /* Project object */;
			proxyType = 1;
			remoteGlobalIDString = 1520D887303CA4A000698CD6;
			remoteInfo = PortMedic;
		};
/* End PBXContainerItemProxy section */

/* Begin PBXFileReference section */
		1520D888303CA4A000698CD6 /* PortMedic.app */ = {isa = PBXFileReference; explicitFileType = wrapper.application; includeInIndex = 0; path = PortMedic.app; sourceTree = BUILT_PRODUCTS_DIR; };
		1DE879BE50CC1F982C24C5C1 /* SettingsViewModelTests.swift */ = {isa = PBXFileReference; includeInIndex = 1; lastKnownFileType = sourcecode.swift; path = SettingsViewModelTests.swift; sourceTree = "<group>"; };
		304D1979E8CC92F65AF46E1C /* HeuristicFrameworkDetectorTests.swift */ = {isa = PBXFileReference; includeInIndex = 1; lastKnownFileType = sourcecode.swift; path = HeuristicFrameworkDetectorTests.swift; sourceTree = "<group>"; };
		331E05ED0670B582317AF135 /* PortMedicTests.xctest */ = {isa = PBXFileReference; explicitFileType = wrapper.cfbundle; includeInIndex = 0; path = PortMedicTests.xctest; sourceTree = BUILT_PRODUCTS_DIR; };
		746D3D1A48A828A89BBBA66B /* LsofOutputParserTests.swift */ = {isa = PBXFileReference; includeInIndex = 1; lastKnownFileType = sourcecode.swift; path = LsofOutputParserTests.swift; sourceTree = "<group>"; };
		CD267880531D295C78B1D37F /* Cocoa.framework */ = {isa = PBXFileReference; lastKnownFileType = wrapper.framework; name = Cocoa.framework; path = Platforms/MacOSX.platform/Developer/SDKs/MacOSX26.0.sdk/System/Library/Frameworks/Cocoa.framework; sourceTree = DEVELOPER_DIR; };
		EC1371290DC30961733CF933 /* PortListViewModelTests.swift */ = {isa = PBXFileReference; includeInIndex = 1; lastKnownFileType = sourcecode.swift; path = PortListViewModelTests.swift; sourceTree = "<group>"; };
/* End PBXFileReference section */

/* Begin PBXFileSystemSynchronizedRootGroup section */
		1520D88A303CA4A000698CD6 /* PortMedic */ = {
			isa = PBXFileSystemSynchronizedRootGroup;
			exceptions = (
			);
			path = PortMedic;
			sourceTree = "<group>";
		};
/* End PBXFileSystemSynchronizedRootGroup section */

/* Begin PBXFrameworksBuildPhase section */
		1520D885303CA4A000698CD6 /* Frameworks */ = {
			isa = PBXFrameworksBuildPhase;
			buildActionMask = 2147483647;
			files = (
			);
			runOnlyForDeploymentPostprocessing = 0;
		};
		DA7A3D83DA92C239F65720F9 /* Frameworks */ = {
			isa = PBXFrameworksBuildPhase;
			buildActionMask = 2147483647;
			files = (
				C893F5F439E35D0D56747D5D /* Cocoa.framework in Frameworks */,
			);
			runOnlyForDeploymentPostprocessing = 0;
		};
/* End PBXFrameworksBuildPhase section */

/* Begin PBXGroup section */
		11A577FD3CC648C2DB09774E /* PortMedicTests */ = {
			isa = PBXGroup;
			children = (
				746D3D1A48A828A89BBBA66B /* LsofOutputParserTests.swift */,
				EC1371290DC30961733CF933 /* PortListViewModelTests.swift */,
				304D1979E8CC92F65AF46E1C /* HeuristicFrameworkDetectorTests.swift */,
				1DE879BE50CC1F982C24C5C1 /* SettingsViewModelTests.swift */,
			);
			path = PortMedicTests;
			sourceTree = "<group>";
		};
		1520D87F303CA4A000698CD6 = {
			isa = PBXGroup;
			children = (
				1520D88A303CA4A000698CD6 /* PortMedic */,
				1520D889303CA4A000698CD6 /* Products */,
				11A577FD3CC648C2DB09774E /* PortMedicTests */,
				86464BFFC11AF21773805D48 /* Frameworks */,
			);
			sourceTree = "<group>";
		};
		1520D889303CA4A000698CD6 /* Products */ = {
			isa = PBXGroup;
			children = (
				1520D888303CA4A000698CD6 /* PortMedic.app */,
				331E05ED0670B582317AF135 /* PortMedicTests.xctest */,
			);
			name = Products;
			sourceTree = "<group>";
		};
		86464BFFC11AF21773805D48 /* Frameworks */ = {
			isa = PBXGroup;
			children = (
				A65A1DB19FC600DDC81F930E /* OS X */,
			);
			name = Frameworks;
			sourceTree = "<group>";
		};
		A65A1DB19FC600DDC81F930E /* OS X */ = {
			isa = PBXGroup;
			children = (
				CD267880531D295C78B1D37F /* Cocoa.framework */,
			);
			name = "OS X";
			sourceTree = "<group>";
		};
/* End PBXGroup section */

/* Begin PBXNativeTarget section */
		1520D887303CA4A000698CD6 /* PortMedic */ = {
			isa = PBXNativeTarget;
			buildConfigurationList = 1520D894303CA4A100698CD6 /* Build configuration list for PBXNativeTarget "PortMedic" */;
			buildPhases = (
				1520D884303CA4A000698CD6 /* Sources */,
				1520D885303CA4A000698CD6 /* Frameworks */,
				1520D886303CA4A000698CD6 /* Resources */,
			);
			buildRules = (
			);
			dependencies = (
			);
			fileSystemSynchronizedGroups = (
				1520D88A303CA4A000698CD6 /* PortMedic */,
			);
			name = PortMedic;
			productName = PortMedic;
			productReference = 1520D888303CA4A000698CD6 /* PortMedic.app */;
			productType = "com.apple.product-type.application";
		};
		AEF6AA60C22C3661F6D8D948 /* PortMedicTests */ = {
			isa = PBXNativeTarget;
			buildConfigurationList = 6A326729B9A7BECDB5B881A4 /* Build configuration list for PBXNativeTarget "PortMedicTests" */;
			buildPhases = (
				108E30A2F36165C5664EC94D /* Sources */,
				DA7A3D83DA92C239F65720F9 /* Frameworks */,
				34C890678FD572CA4DFE8005 /* Resources */,
			);
			buildRules = (
			);
			dependencies = (
				6692462964B41F435E2ECCFB /* PBXTargetDependency */,
			);
			name = PortMedicTests;
			productName = PortMedicTests;
			productReference = 331E05ED0670B582317AF135 /* PortMedicTests.xctest */;
			productType = "com.apple.product-type.bundle.unit-test";
		};
/* End PBXNativeTarget section */

/* Begin PBXProject section */
		1520D880303CA4A000698CD6 /* Project object */ = {
			isa = PBXProject;
			attributes = {
				BuildIndependentTargetsInParallel = 1;
				LastSwiftUpdateCheck = 1640;
				LastUpgradeCheck = 1640;
				TargetAttributes = {
					1520D887303CA4A000698CD6 = {
						CreatedOnToolsVersion = 16.4;
					};
				};
			};
			buildConfigurationList = 1520D883303CA4A000698CD6 /* Build configuration list for PBXProject "PortMedic" */;
			developmentRegion = en;
			hasScannedForEncodings = 0;
			knownRegions = (
				en,
				Base,
			);
			mainGroup = 1520D87F303CA4A000698CD6;
			minimizedProjectReferenceProxies = 1;
			preferredProjectObjectVersion = 77;
			productRefGroup = 1520D889303CA4A000698CD6 /* Products */;
			projectDirPath = "";
			projectRoot = "";
			targets = (
				1520D887303CA4A000698CD6 /* PortMedic */,
				AEF6AA60C22C3661F6D8D948 /* PortMedicTests */,
			);
		};
/* End PBXProject section */

/* Begin PBXResourcesBuildPhase section */
		1520D886303CA4A000698CD6 /* Resources */ = {
			isa = PBXResourcesBuildPhase;
			buildActionMask = 2147483647;
			files = (
			);
			runOnlyForDeploymentPostprocessing = 0;
		};
		34C890678FD572CA4DFE8005 /* Resources */ = {
			isa = PBXResourcesBuildPhase;
			buildActionMask = 2147483647;
			files = (
			);
			runOnlyForDeploymentPostprocessing = 0;
		};
/* End PBXResourcesBuildPhase section */

/* Begin PBXSourcesBuildPhase section */
		108E30A2F36165C5664EC94D /* Sources */ = {
			isa = PBXSourcesBuildPhase;
			buildActionMask = 2147483647;
			files = (
				C154B39342A6177822DFF902 /* LsofOutputParserTests.swift in Sources */,
				D2492D3FA8B02DE307CAD592 /* PortListViewModelTests.swift in Sources */,
				7891476900E261C3AE32ED63 /* HeuristicFrameworkDetectorTests.swift in Sources */,
				B484A075DCE2220E853313B2 /* SettingsViewModelTests.swift in Sources */,
			);
			runOnlyForDeploymentPostprocessing = 0;
		};
		1520D884303CA4A000698CD6 /* Sources */ = {
			isa = PBXSourcesBuildPhase;
			buildActionMask = 2147483647;
			files = (
			);
			runOnlyForDeploymentPostprocessing = 0;
		};
/* End PBXSourcesBuildPhase section */

/* Begin PBXTargetDependency section */
		6692462964B41F435E2ECCFB /* PBXTargetDependency */ = {
			isa = PBXTargetDependency;
			name = PortMedic;
			target = 1520D887303CA4A000698CD6 /* PortMedic */;
			targetProxy = AE60C50E5195A0FBC543C478 /* PBXContainerItemProxy */;
		};
/* End PBXTargetDependency section */

/* Begin XCBuildConfiguration section */
		00306898B28EFD078030C50D /* Debug */ = {
			isa = XCBuildConfiguration;
			buildSettings = {
				BUNDLE_LOADER = "$(TEST_HOST)";
				CODE_SIGN_STYLE = Automatic;
				DEVELOPMENT_TEAM = R824A3FJ74;
				GENERATE_INFOPLIST_FILE = YES;
				MACOSX_DEPLOYMENT_TARGET = 15.5;
				PRODUCT_BUNDLE_IDENTIFIER = bansikah.PortMedicTests;
				PRODUCT_NAME = "$(TARGET_NAME)";
				SDKROOT = macosx;
				SWIFT_VERSION = 5.0;
				TEST_HOST = "$(BUILT_PRODUCTS_DIR)/PortMedic.app/Contents/MacOS/PortMedic";
			};
			name = Debug;
		};
		1520D892303CA4A100698CD6 /* Debug */ = {
			isa = XCBuildConfiguration;
			buildSettings = {
				ALWAYS_SEARCH_USER_PATHS = NO;
				ASSETCATALOG_COMPILER_GENERATE_SWIFT_ASSET_SYMBOL_EXTENSIONS = YES;
				CLANG_ANALYZER_NONNULL = YES;
				CLANG_ANALYZER_NUMBER_OBJECT_CONVERSION = YES_AGGRESSIVE;
				CLANG_CXX_LANGUAGE_STANDARD = "gnu++20";
				CLANG_ENABLE_MODULES = YES;
				CLANG_ENABLE_OBJC_ARC = YES;
				CLANG_ENABLE_OBJC_WEAK = YES;
				CLANG_WARN_BLOCK_CAPTURE_AUTORELEASING = YES;
				CLANG_WARN_BOOL_CONVERSION = YES;
				CLANG_WARN_COMMA = YES;
				CLANG_WARN_CONSTANT_CONVERSION = YES;
				CLANG_WARN_DEPRECATED_OBJC_IMPLEMENTATIONS = YES;
				CLANG_WARN_DIRECT_OBJC_ISA_USAGE = YES_ERROR;
				CLANG_WARN_DOCUMENTATION_COMMENTS = YES;
				CLANG_WARN_EMPTY_BODY = YES;
				CLANG_WARN_ENUM_CONVERSION = YES;
				CLANG_WARN_INFINITE_RECURSION = YES;
				CLANG_WARN_INT_CONVERSION = YES;
				CLANG_WARN_NON_LITERAL_NULL_CONVERSION = YES;
				CLANG_WARN_OBJC_IMPLICIT_RETAIN_SELF = YES;
				CLANG_WARN_OBJC_LITERAL_CONVERSION = YES;
				CLANG_WARN_OBJC_ROOT_CLASS = YES_ERROR;
				CLANG_WARN_QUOTED_INCLUDE_IN_FRAMEWORK_HEADER = YES;
				CLANG_WARN_RANGE_LOOP_ANALYSIS = YES;
				CLANG_WARN_STRICT_PROTOTYPES = YES;
				CLANG_WARN_SUSPICIOUS_MOVE = YES;
				CLANG_WARN_UNGUARDED_AVAILABILITY = YES_AGGRESSIVE;
				CLANG_WARN_UNREACHABLE_CODE = YES;
				CLANG_WARN__DUPLICATE_METHOD_MATCH = YES;
				COPY_PHASE_STRIP = NO;
				DEBUG_INFORMATION_FORMAT = dwarf;
				DEVELOPMENT_TEAM = R824A3FJ74;
				ENABLE_STRICT_OBJC_MSGSEND = YES;
				ENABLE_TESTABILITY = YES;
				ENABLE_USER_SCRIPT_SANDBOXING = YES;
				GCC_C_LANGUAGE_STANDARD = gnu17;
				GCC_DYNAMIC_NO_PIC = NO;
				GCC_NO_COMMON_BLOCKS = YES;
				GCC_OPTIMIZATION_LEVEL = 0;
				GCC_PREPROCESSOR_DEFINITIONS = (
					"DEBUG=1",
					"$(inherited)",
				);
				GCC_WARN_64_TO_32_BIT_CONVERSION = YES;
				GCC_WARN_ABOUT_RETURN_TYPE = YES_ERROR;
				GCC_WARN_UNDECLARED_SELECTOR = YES;
				GCC_WARN_UNINITIALIZED_AUTOS = YES_AGGRESSIVE;
				GCC_WARN_UNUSED_FUNCTION = YES;
				GCC_WARN_UNUSED_VARIABLE = YES;
				LOCALIZATION_PREFERS_STRING_CATALOGS = YES;
				MACOSX_DEPLOYMENT_TARGET = 15.5;
				MTL_ENABLE_DEBUG_INFO = INCLUDE_SOURCE;
				MTL_FAST_MATH = YES;
				ONLY_ACTIVE_ARCH = YES;
				SDKROOT = macosx;
				SWIFT_ACTIVE_COMPILATION_CONDITIONS = "DEBUG $(inherited)";
				SWIFT_OPTIMIZATION_LEVEL = "-Onone";
			};
			name = Debug;
		};
		1520D893303CA4A100698CD6 /* Release */ = {
			isa = XCBuildConfiguration;
			buildSettings = {
				ALWAYS_SEARCH_USER_PATHS = NO;
				ASSETCATALOG_COMPILER_GENERATE_SWIFT_ASSET_SYMBOL_EXTENSIONS = YES;
				CLANG_ANALYZER_NONNULL = YES;
				CLANG_ANALYZER_NUMBER_OBJECT_CONVERSION = YES_AGGRESSIVE;
				CLANG_CXX_LANGUAGE_STANDARD = "gnu++20";
				CLANG_ENABLE_MODULES = YES;
				CLANG_ENABLE_OBJC_ARC = YES;
				CLANG_ENABLE_OBJC_WEAK = YES;
				CLANG_WARN_BLOCK_CAPTURE_AUTORELEASING = YES;
				CLANG_WARN_BOOL_CONVERSION = YES;
				CLANG_WARN_COMMA = YES;
				CLANG_WARN_CONSTANT_CONVERSION = YES;
				CLANG_WARN_DEPRECATED_OBJC_IMPLEMENTATIONS = YES;
				CLANG_WARN_DIRECT_OBJC_ISA_USAGE = YES_ERROR;
				CLANG_WARN_DOCUMENTATION_COMMENTS = YES;
				CLANG_WARN_EMPTY_BODY = YES;
				CLANG_WARN_ENUM_CONVERSION = YES;
				CLANG_WARN_INFINITE_RECURSION = YES;
				CLANG_WARN_INT_CONVERSION = YES;
				CLANG_WARN_NON_LITERAL_NULL_CONVERSION = YES;
				CLANG_WARN_OBJC_IMPLICIT_RETAIN_SELF = YES;
				CLANG_WARN_OBJC_LITERAL_CONVERSION = YES;
				CLANG_WARN_OBJC_ROOT_CLASS = YES_ERROR;
				CLANG_WARN_QUOTED_INCLUDE_IN_FRAMEWORK_HEADER = YES;
				CLANG_WARN_RANGE_LOOP_ANALYSIS = YES;
				CLANG_WARN_STRICT_PROTOTYPES = YES;
				CLANG_WARN_SUSPICIOUS_MOVE = YES;
				CLANG_WARN_UNGUARDED_AVAILABILITY = YES_AGGRESSIVE;
				CLANG_WARN_UNREACHABLE_CODE = YES;
				CLANG_WARN__DUPLICATE_METHOD_MATCH = YES;
				COPY_PHASE_STRIP = NO;
				DEBUG_INFORMATION_FORMAT = "dwarf-with-dsym";
				DEVELOPMENT_TEAM = R824A3FJ74;
				ENABLE_NS_ASSERTIONS = NO;
				ENABLE_STRICT_OBJC_MSGSEND = YES;
				ENABLE_USER_SCRIPT_SANDBOXING = YES;
				GCC_C_LANGUAGE_STANDARD = gnu17;
				GCC_NO_COMMON_BLOCKS = YES;
				GCC_WARN_64_TO_32_BIT_CONVERSION = YES;
				GCC_WARN_ABOUT_RETURN_TYPE = YES_ERROR;
				GCC_WARN_UNDECLARED_SELECTOR = YES;
				GCC_WARN_UNINITIALIZED_AUTOS = YES_AGGRESSIVE;
				GCC_WARN_UNUSED_FUNCTION = YES;
				GCC_WARN_UNUSED_VARIABLE = YES;
				LOCALIZATION_PREFERS_STRING_CATALOGS = YES;
				MACOSX_DEPLOYMENT_TARGET = 15.5;
				MTL_ENABLE_DEBUG_INFO = NO;
				MTL_FAST_MATH = YES;
				SDKROOT = macosx;
				SWIFT_COMPILATION_MODE = wholemodule;
			};
			name = Release;
		};
		1520D895303CA4A100698CD6 /* Debug */ = {
			isa = XCBuildConfiguration;
			buildSettings = {
				ASSETCATALOG_COMPILER_APPICON_NAME = AppIcon;
				ASSETCATALOG_COMPILER_GLOBAL_ACCENT_COLOR_NAME = AccentColor;
				CODE_SIGN_ENTITLEMENTS = PortMedic/PortMedic.entitlements;
				CODE_SIGN_STYLE = Automatic;
				COMBINE_HIDPI_IMAGES = YES;
				CURRENT_PROJECT_VERSION = 1;
				DEVELOPMENT_TEAM = R824A3FJ74;
				ENABLE_HARDENED_RUNTIME = YES;
				ENABLE_PREVIEWS = YES;
				GENERATE_INFOPLIST_FILE = YES;
				INFOPLIST_KEY_NSHumanReadableCopyright = "";
				LD_RUNPATH_SEARCH_PATHS = (
					"$(inherited)",
					"@executable_path/../Frameworks",
				);
				MARKETING_VERSION = 1.0;
				PRODUCT_BUNDLE_IDENTIFIER = bansikah.PortMedic;
				PRODUCT_NAME = "$(TARGET_NAME)";
				REGISTER_APP_GROUPS = YES;
				SWIFT_EMIT_LOC_STRINGS = YES;
				SWIFT_VERSION = 5.0;
			};
			name = Debug;
		};
		1520D896303CA4A100698CD6 /* Release */ = {
			isa = XCBuildConfiguration;
			buildSettings = {
				ASSETCATALOG_COMPILER_APPICON_NAME = AppIcon;
				ASSETCATALOG_COMPILER_GLOBAL_ACCENT_COLOR_NAME = AccentColor;
				CODE_SIGN_ENTITLEMENTS = PortMedic/PortMedic.entitlements;
				CODE_SIGN_STYLE = Automatic;
				COMBINE_HIDPI_IMAGES = YES;
				CURRENT_PROJECT_VERSION = 1;
				DEVELOPMENT_TEAM = R824A3FJ74;
				ENABLE_HARDENED_RUNTIME = YES;
				ENABLE_PREVIEWS = YES;
				GENERATE_INFOPLIST_FILE = YES;
				INFOPLIST_KEY_NSHumanReadableCopyright = "";
				LD_RUNPATH_SEARCH_PATHS = (
					"$(inherited)",
					"@executable_path/../Frameworks",
				);
				MARKETING_VERSION = 1.0;
				PRODUCT_BUNDLE_IDENTIFIER = bansikah.PortMedic;
				PRODUCT_NAME = "$(TARGET_NAME)";
				REGISTER_APP_GROUPS = YES;
				SWIFT_EMIT_LOC_STRINGS = YES;
				SWIFT_VERSION = 5.0;
			};
			name = Release;
		};
		2E52E3771B28BB8FAF5360FF /* Release */ = {
			isa = XCBuildConfiguration;
			buildSettings = {
				BUNDLE_LOADER = "$(TEST_HOST)";
				CODE_SIGN_STYLE = Automatic;
				DEVELOPMENT_TEAM = R824A3FJ74;
				GENERATE_INFOPLIST_FILE = YES;
				MACOSX_DEPLOYMENT_TARGET = 15.5;
				PRODUCT_BUNDLE_IDENTIFIER = bansikah.PortMedicTests;
				PRODUCT_NAME = "$(TARGET_NAME)";
				SDKROOT = macosx;
				SWIFT_VERSION = 5.0;
				TEST_HOST = "$(BUILT_PRODUCTS_DIR)/PortMedic.app/Contents/MacOS/PortMedic";
			};
			name = Release;
		};
/* End XCBuildConfiguration section */

/* Begin XCConfigurationList section */
		1520D883303CA4A000698CD6 /* Build configuration list for PBXProject "PortMedic" */ = {
			isa = XCConfigurationList;
			buildConfigurations = (
				1520D892303CA4A100698CD6 /* Debug */,
				1520D893303CA4A100698CD6 /* Release */,
			);
			defaultConfigurationIsVisible = 0;
			defaultConfigurationName = Release;
		};
		1520D894303CA4A100698CD6 /* Build configuration list for PBXNativeTarget "PortMedic" */ = {
			isa = XCConfigurationList;
			buildConfigurations = (
				1520D895303CA4A100698CD6 /* Debug */,
				1520D896303CA4A100698CD6 /* Release */,
			);
			defaultConfigurationIsVisible = 0;
			defaultConfigurationName = Release;
		};
		6A326729B9A7BECDB5B881A4 /* Build configuration list for PBXNativeTarget "PortMedicTests" */ = {
			isa = XCConfigurationList;
			buildConfigurations = (
				2E52E3771B28BB8FAF5360FF /* Release */,
				00306898B28EFD078030C50D /* Debug */,
			);
			defaultConfigurationIsVisible = 0;
			defaultConfigurationName = Release;
		};
/* End XCConfigurationList section */
	};
	rootObject = 1520D880303CA4A000698CD6 /* Project object */;
}
